
Microsoft Visual Studio Solution File, Format Version 11.00
# Visual Studio 2010
Project("{FAE04EC0-301F-11D3-BF4B-00C04F79EFBC}") = "huntingEquipmentStore", "huntingEquipmentStore\huntingEquipmentStore.csproj", "{991567E8-8A9F-422E-A18E-2357940EBCEA}"
EndProject
Global
	GlobalSection(SolutionConfigurationPlatforms) = preSolution
		Debug|x86 = Debug|x86
		Release|x86 = Release|x86
	EndGlobalSection
	GlobalSection(ProjectConfigurationPlatforms) = postSolution
		{991567E8-8A9F-422E-A18E-2357940EBCEA}.Debug|x86.ActiveCfg = Debug|x86
		{991567E8-8A9F-422E-A18E-2357940EBCEA}.Debug|x86.Build.0 = Debug|x86
		{991567E8-8A9F-422E-A18E-2357940EBCEA}.Release|x86.ActiveCfg = Release|x86
		{991567E8-8A9F-422E-A18E-2357940EBCEA}.Release|x86.Build.0 = Release|x86
	EndGlobalSection
	GlobalSection(SolutionProperties) = preSolution
		HideSolutionNode = FALSE
	EndGlobalSection
EndGlobal
